
Microsoft Visual Studio Solution File, Format Version 12.00
# Visual Studio Version 17
VisualStudioVersion = 17.10.34928.147
MinimumVisualStudioVersion = 10.0.40219.1
Project("{FAE04EC0-301F-11D3-BF4B-00C04F79EFBC}") = "XR50TrainingAssetRepo", "XR50TrainingAssetRepo.csproj", "{C138A44D-61C8-4FBB-8CED-18C779EFD420}"
EndProject
Project("{2150E333-8FDC-42A3-9474-1A3956D46DE8}") = "tests", "tests", "{0AB3BF05-4346-4AA6-1389-037BE0695223}"
EndProject
Project("{FAE04EC0-301F-11D3-BF4B-00C04F79EFBC}") = "XR50TrainingAssetRepo.Tests", "tests\XR50TrainingAssetRepo.Tests\XR50TrainingAssetRepo.Tests.csproj", "{4F037072-4E92-419F-A836-93BFBAA174B5}"
EndProject
Global
	GlobalSection(SolutionConfigurationPlatforms) = preSolution
		Debug|Any CPU = Debug|Any CPU
		Debug|x64 = Debug|x64
		Debug|x86 = Debug|x86
		Release|Any CPU = Release|Any CPU
		Release|x64 = Release|x64
		Release|x86 = Release|x86
	EndGlobalSection
	GlobalSection(ProjectConfigurationPlatforms) = postSolution
		{C138A44D-61C8-4FBB-8CED-18C779EFD420}.Debug|Any CPU.ActiveCfg = Debug|Any CPU
		{C138A44D-61C8-4FBB-8CED-18C779EFD420}.Debug|Any CPU.Build.0 = Debug|Any CPU
		{C138A44D-61C8-4FBB-8CED-18C779EFD420}.Debug|x64.ActiveCfg = Debug|Any CPU
		{C138A44D-61C8-4FBB-8CED-18C779EFD420}.Debug|x64.Build.0 = Debug|Any CPU
		{C138A44D-61C8-4FBB-8CED-18C779EFD420}.Debug|x86.ActiveCfg = Debug|Any CPU
		{C138A44D-61C8-4FBB-8CED-18C779EFD420}.Debug|x86.Build.0 = Debug|Any CPU
		{C138A44D-61C8-4FBB-8CED-18C779EFD420}.Release|Any CPU.ActiveCfg = Release|Any CPU
		{C138A44D-61C8-4FBB-8CED-18C779EFD420}.Release|Any CPU.Build.0 = Release|Any CPU
		{C138A44D-61C8-4FBB-8CED-18C779EFD420}.Release|x64.ActiveCfg = Release|Any CPU
		{C138A44D-61C8-4FBB-8CED-18C779EFD420}.Release|x64.Build.0 = Release|Any CPU
		{C138A44D-61C8-4FBB-8CED-18C779EFD420}.Release|x86.ActiveCfg = Release|Any CPU
		{C138A44D-61C8-4FBB-8CED-18C779EFD420}.Release|x86.Build.0 = Release|Any CPU
		{4F037072-4E92-419F-A836-93BFBAA174B5}.Debug|Any CPU.ActiveCfg = Debug|Any CPU
		{4F037072-4E92-419F-A836-93BFBAA174B5}.Debug|Any CPU.Build.0 = Debug|Any CPU
		{4F037072-4E92-419F-A836-93BFBAA174B5}.Debug|x64.ActiveCfg = Debug|Any CPU
		{4F037072-4E92-419F-A836-93BFBAA174B5}.Debug|x64.Build.0 = Debug|Any CPU
		{4F037072-4E92-419F-A836-93BFBAA174B5}.Debug|x86.ActiveCfg = Debug|Any CPU
		{4F037072-4E92-419F-A836-93BFBAA174B5}.Debug|x86.Build.0 = Debug|Any CPU
		{4F037072-4E92-419F-A836-93BFBAA174B5}.Release|Any CPU.ActiveCfg = Release|Any CPU
		{4F037072-4E92-419F-A836-93BFBAA174B5}.Release|Any CPU.Build.0 = Release|Any CPU
		{4F037072-4E92-419F-A836-93BFBAA174B5}.Release|x64.ActiveCfg = Release|Any CPU
		{4F037072-4E92-419F-A836-93BFBAA174B5}.Release|x64.Build.0 = Release|Any CPU
		{4F037072-4E92-419F-A836-93BFBAA174B5}.Release|x86.ActiveCfg = Release|Any CPU
		{4F037072-4E92-419F-A836-93BFBAA174B5}.Release|x86.Build.0 = Release|Any CPU
	EndGlobalSection
	GlobalSection(SolutionProperties) = preSolution
		HideSolutionNode = FALSE
	EndGlobalSection
	GlobalSection(NestedProjects) = preSolution
		{4F037072-4E92-419F-A836-93BFBAA174B5} = {0AB3BF05-4346-4AA6-1389-037BE0695223}
	EndGlobalSection
	GlobalSection(ExtensibilityGlobals) = postSolution
		SolutionGuid = {F9CA617A-0517-4DE1-8F8B-431F8D4DB382}
	EndGlobalSection
EndGlobal
